
Microsoft Visual Studio Solution File, Format Version 12.00
# Visual Studio Version 17
VisualStudioVersion = 17.0.32112.339
MinimumVisualStudioVersion = 10.0.40219.1
Project("{9A19103F-16F7-4668-BE54-9A1E7A4F7556}") = "Project4", "Project4\Project4.csproj", "{A756161E-5C2C-4227-8155-3367A4F1230B}"
EndProject
Project("{FAE04EC0-301F-11D3-BF4B-00C04F79EFBC}") = "Project4Tests", "Project4Tests\Project4Tests.csproj", "{405D7C98-1E30-486A-87B6-E122E1AA7FD8}"
EndProject
Global
	GlobalSection(SolutionConfigurationPlatforms) = preSolution
		Debug|Any CPU = Debug|Any CPU
		Release|Any CPU = Release|Any CPU
	EndGlobalSection
	GlobalSection(ProjectConfigurationPlatforms) = postSolution
		{A756161E-5C2C-4227-8155-3367A4F1230B}.Debug|Any CPU.ActiveCfg = Debug|Any CPU
		{A756161E-5C2C-4227-8155-3367A4F1230B}.Debug|Any CPU.Build.0 = Debug|Any CPU
		{A756161E-5C2C-4227-8155-3367A4F1230B}.Release|Any CPU.ActiveCfg = Release|Any CPU
		{A756161E-5C2C-4227-8155-3367A4F1230B}.Release|Any CPU.Build.0 = Release|Any CPU
		{405D7C98-1E30-486A-87B6-E122E1AA7FD8}.Debug|Any CPU.ActiveCfg = Debug|Any CPU
		{405D7C98-1E30-486A-87B6-E122E1AA7FD8}.Debug|Any CPU.Build.0 = Debug|Any CPU
		{405D7C98-1E30-486A-87B6-E122E1AA7FD8}.Release|Any CPU.ActiveCfg = Release|Any CPU
		{405D7C98-1E30-486A-87B6-E122E1AA7FD8}.Release|Any CPU.Build.0 = Release|Any CPU
	EndGlobalSection
	GlobalSection(SolutionProperties) = preSolution
		HideSolutionNode = FALSE
	EndGlobalSection
	GlobalSection(ExtensibilityGlobals) = postSolution
		SolutionGuid = {3F01711E-0572-4549-B985-EFCF8BC8F0BC}
	EndGlobalSection
EndGlobal
